// !$*UTF8*$!
{
	archiveVersion = 1;
	classes = {
	};
	objectVersion = 55;
	objects = {

/* Begin PBXBuildFile section */
		19AFC74C27688D7A0088673B /* AppDelegate.swift in Sources */ = {isa = PBXBuildFile; fileRef = 19AFC74B27688D7A0088673B /* AppDelegate.swift */; };
		19AFC74E27688D7A0088673B /* SceneDelegate.swift in Sources */ = {isa = PBXBuildFile; fileRef = 19AFC74D27688D7A0088673B /* SceneDelegate.swift */; };
		19AFC75027688D7A0088673B /* ViewController.swift in Sources */ = {isa = PBXBuildFile; fileRef = 19AFC74F27688D7A0088673B /* ViewController.swift */; };
		19AFC75327688D7A0088673B /* Main.storyboard in Resources */ = {isa = PBXBuildFile; fileRef = 19AFC75127688D7A0088673B /* Main.storyboard */; };
		19AFC75527688D7E0088673B /* Assets.xcassets in Resources */ = {isa = PBXBuildFile; fileRef = 19AFC75427688D7E0088673B /* Assets.xcassets */; };
		19AFC75827688D7E0088673B /* LaunchScreen.storyboard in Resources */ = {isa = PBXBuildFile; fileRef = 19AFC75627688D7E0088673B /* LaunchScreen.storyboard */; };
		19AFC7622768C2E60088673B /* LabelOnlyCell.swift in Sources */ = {isa = PBXBuildFile; fileRef = 19AFC7602768C2E60088673B /* LabelOnlyCell.swift */; };
		19AFC7632768C2E60088673B /* LabelOnlyCell.xib in Resources */ = {isa = PBXBuildFile; fileRef = 19AFC7612768C2E60088673B /* LabelOnlyCell.xib */; };
		19AFC7662768F4BC0088673B /* LabelImageCell.swift in Sources */ = {isa = PBXBuildFile; fileRef = 19AFC7642768F4BC0088673B /* LabelImageCell.swift */; };
		19AFC7672768F4BC0088673B /* LabelImageCell.xib in Resources */ = {isa = PBXBuildFile; fileRef = 19AFC7652768F4BC0088673B /* LabelImageCell.xib */; };
		19AFC7692768F6220088673B /* Model.swift in Sources */ = {isa = PBXBuildFile; fileRef = 19AFC7682768F6220088673B /* Model.swift */; };
		19AFC76B2768F6E30088673B /* Constants.swift in Sources */ = {isa = PBXBuildFile; fileRef = 19AFC76A2768F6E30088673B /* Constants.swift */; };
/* End PBXBuildFile section */

/* Begin PBXFileReference section */
		19AFC74827688D7A0088673B /* DynamicCellSizeCollectionView.app */ = {isa = PBXFileReference; explicitFileType = wrapper.application; includeInIndex = 0; path = DynamicCellSizeCollectionView.app; sourceTree = BUILT_PRODUCTS_DIR; };
		19AFC74B27688D7A0088673B /* AppDelegate.swift */ = {isa = PBXFileReference; lastKnownFileType = sourcecode.swift; path = AppDelegate.swift; sourceTree = "<group>"; };
		19AFC74D27688D7A0088673B /* SceneDelegate.swift */ = {isa = PBXFileReference; lastKnownFileType = sourcecode.swift; path = SceneDelegate.swift; sourceTree = "<group>"; };
		19AFC74F27688D7A0088673B /* ViewController.swift */ = {isa = PBXFileReference; lastKnownFileType = sourcecode.swift; path = ViewController.swift; sourceTree = "<group>"; };
		19AFC75227688D7A0088673B /* Base */ = {isa = PBXFileReference; lastKnownFileType = file.storyboard; name = Base; path = Base.lproj/Main.storyboard; sourceTree = "<group>"; };
		19AFC75427688D7E0088673B /* Assets.xcassets */ = {isa = PBXFileReference; lastKnownFileType = folder.assetcatalog; path = Assets.xcassets; sourceTree = "<group>"; };
		19AFC75727688D7E0088673B /* Base */ = {isa = PBXFileReference; lastKnownFileType = file.storyboard; name = Base; path = Base.lproj/LaunchScreen.storyboard; sourceTree = "<group>"; };
		19AFC75927688D7E0088673B /* Info.plist */ = {isa = PBXFileReference; lastKnownFileType = text.plist.xml; path = Info.plist; sourceTree = "<group>"; };
		19AFC7602768C2E60088673B /* LabelOnlyCell.swift */ = {isa = PBXFileReference; lastKnownFileType = sourcecode.swift; path = LabelOnlyCell.swift; sourceTree = "<group>"; };
		19AFC7612768C2E60088673B /* LabelOnlyCell.xib */ = {isa = PBXFileReference; lastKnownFileType = file.xib; path = LabelOnlyCell.xib; sourceTree = "<group>"; };
		19AFC7642768F4BC0088673B /* LabelImageCell.swift */ = {isa = PBXFileReference; lastKnownFileType = sourcecode.swift; path = LabelImageCell.swift; sourceTree = "<group>"; };
		19AFC7652768F4BC0088673B /* LabelImageCell.xib */ = {isa = PBXFileReference; lastKnownFileType = file.xib; path = LabelImageCell.xib; sourceTree = "<group>"; };
		19AFC7682768F6220088673B /* Model.swift */ = {isa = PBXFileReference; lastKnownFileType = sourcecode.swift; path = Model.swift; sourceTree = "<group>"; };
		19AFC76A2768F6E30088673B /* Constants.swift */ = {isa = PBXFileReference; lastKnownFileType = sourcecode.swift; path = Constants.swift; sourceTree = "<group>"; };
/* End PBXFileReference section */

/* Begin PBXFrameworksBuildPhase section */
		19AFC74527688D7A0088673B /* Frameworks */ = {
			isa = PBXFrameworksBuildPhase;
			buildActionMask = 2147483647;
			files = (
			);
			runOnlyForDeploymentPostprocessing = 0;
		};
/* End PBXFrameworksBuildPhase section */

/* Begin PBXGroup section */
		19AFC73F27688D7A0088673B = {
			isa = PBXGroup;
			children = (
				19AFC74A27688D7A0088673B /* DynamicCellSizeCollectionView */,
				19AFC74927688D7A0088673B /* Products */,
			);
			sourceTree = "<group>";
		};
		19AFC74927688D7A0088673B /* Products */ = {
			isa = PBXGroup;
			children = (
				19AFC74827688D7A0088673B /* DynamicCellSizeCollectionView.app */,
			);
			name = Products;
			sourceTree = "<group>";
		};
		19AFC74A27688D7A0088673B /* DynamicCellSizeCollectionView */ = {
			isa = PBXGroup;
			children = (
				19AFC75F2768C2C50088673B /* Cell */,
				19AFC74B27688D7A0088673B /* AppDelegate.swift */,
				19AFC74D27688D7A0088673B /* SceneDelegate.swift */,
				19AFC74F27688D7A0088673B /* ViewController.swift */,
				19AFC75127688D7A0088673B /* Main.storyboard */,
				19AFC75427688D7E0088673B /* Assets.xcassets */,
				19AFC75627688D7E0088673B /* LaunchScreen.storyboard */,
				19AFC75927688D7E0088673B /* Info.plist */,
				19AFC7682768F6220088673B /* Model.swift */,
			);
			path = DynamicCellSizeCollectionView;
			sourceTree = "<group>";
		};
		19AFC75F2768C2C50088673B /* Cell */ = {
			isa = PBXGroup;
			children = (
				19AFC7602768C2E60088673B /* LabelOnlyCell.swift */,
				19AFC7612768C2E60088673B /* LabelOnlyCell.xib */,
				19AFC7642768F4BC0088673B /* LabelImageCell.swift */,
				19AFC7652768F4BC0088673B /* LabelImageCell.xib */,
				19AFC76A2768F6E30088673B /* Constants.swift */,
			);
			path = Cell;
			sourceTree = "<group>";
		};
/* End PBXGroup section */

/* Begin PBXNativeTarget section */
		19AFC74727688D7A0088673B /* DynamicCellSizeCollectionView */ = {
			isa = PBXNativeTarget;
			buildConfigurationList = 19AFC75C27688D7E0088673B /* Build configuration list for PBXNativeTarget "DynamicCellSizeCollectionView" */;
			buildPhases = (
				19AFC74427688D7A0088673B /* Sources */,
				19AFC74527688D7A0088673B /* Frameworks */,
				19AFC74627688D7A0088673B /* Resources */,
			);
			buildRules = (
			);
			dependencies = (
			);
			name = DynamicCellSizeCollectionView;
			productName = DynamicCellSizeCollectionView;
			productReference = 19AFC74827688D7A0088673B /* DynamicCellSizeCollectionView.app */;
			productType = "com.apple.product-type.application";
		};
/* End PBXNativeTarget section */

/* Begin PBXProject section */
		19AFC74027688D7A0088673B /* Project object */ = {
			isa = PBXProject;
			attributes = {
				BuildIndependentTargetsInParallel = 1;
				LastSwiftUpdateCheck = 1300;
				LastUpgradeCheck = 1300;
				TargetAttributes = {
					19AFC74727688D7A0088673B = {
						CreatedOnToolsVersion = 13.0;
					};
				};
			};
			buildConfigurationList = 19AFC74327688D7A0088673B /* Build configuration list for PBXProject "DynamicCellSizeCollectionView" */;
			compatibilityVersion = "Xcode 13.0";
			developmentRegion = en;
			hasScannedForEncodings = 0;
			knownRegions = (
				en,
				Base,
			);
			mainGroup = 19AFC73F27688D7A0088673B;
			productRefGroup = 19AFC74927688D7A0088673B /* Products */;
			projectDirPath = "";
			projectRoot = "";
			targets = (
				19AFC74727688D7A0088673B /* DynamicCellSizeCollectionView */,
			);
		};
/* End PBXProject section */

/* Begin PBXResourcesBuildPhase section */
		19AFC74627688D7A0088673B /* Resources */ = {
			isa = PBXResourcesBuildPhase;
			buildActionMask = 2147483647;
			files = (
				19AFC7632768C2E60088673B /* LabelOnlyCell.xib in Resources */,
				19AFC75827688D7E0088673B /* LaunchScreen.storyboard in Resources */,
				19AFC75527688D7E0088673B /* Assets.xcassets in Resources */,
				19AFC75327688D7A0088673B /* Main.storyboard in Resources */,
				19AFC7672768F4BC0088673B /* LabelImageCell.xib in Resources */,
			);
			runOnlyForDeploymentPostprocessing = 0;
		};
/* End PBXResourcesBuildPhase section */

/* Begin PBXSourcesBuildPhase section */
		19AFC74427688D7A0088673B /* Sources */ = {
			isa = PBXSourcesBuildPhase;
			buildActionMask = 2147483647;
			files = (
				19AFC7662768F4BC0088673B /* LabelImageCell.swift in Sources */,
				19AFC7622768C2E60088673B /* LabelOnlyCell.swift in Sources */,
				19AFC75027688D7A0088673B /* ViewController.swift in Sources */,
				19AFC7692768F6220088673B /* Model.swift in Sources */,
				19AFC76B2768F6E30088673B /* Constants.swift in Sources */,
				19AFC74C27688D7A0088673B /* AppDelegate.swift in Sources */,
				19AFC74E27688D7A0088673B /* SceneDelegate.swift in Sources */,
			);
			runOnlyForDeploymentPostprocessing = 0;
		};
/* End PBXSourcesBuildPhase section */

/* Begin PBXVariantGroup section */
		19AFC75127688D7A0088673B /* Main.storyboard */ = {
			isa = PBXVariantGroup;
			children = (
				19AFC75227688D7A0088673B /* Base */,
			);
			name = Main.storyboard;
			sourceTree = "<group>";
		};
		19AFC75627688D7E0088673B /* LaunchScreen.storyboard */ = {
			isa = PBXVariantGroup;
			children = (
				19AFC75727688D7E0088673B /* Base */,
			);
			name = LaunchScreen.storyboard;
			sourceTree = "<group>";
		};
/* End PBXVariantGroup section */

/* Begin XCBuildConfiguration section */
		19AFC75A27688D7E0088673B /* Debug */ = {
			isa = XCBuildConfiguration;
			buildSettings = {
				ALWAYS_SEARCH_USER_PATHS = NO;
				CLANG_ANALYZER_NONNULL = YES;
				CLANG_ANALYZER_NUMBER_OBJECT_CONVERSION = YES_AGGRESSIVE;
				CLANG_CXX_LANGUAGE_STANDARD = "gnu++17";
				CLANG_CXX_LIBRARY = "libc++";
				CLANG_ENABLE_MODULES = YES;
				CLANG_ENABLE_OBJC_ARC = YES;
				CLANG_ENABLE_OBJC_WEAK = YES;
				CLANG_WARN_BLOCK_CAPTURE_AUTORELEASING = YES;
				CLANG_WARN_BOOL_CONVERSION = YES;
				CLANG_WARN_COMMA = YES;
				CLANG_WARN_CONSTANT_CONVERSION = YES;
				CLANG_WARN_DEPRECATED_OBJC_IMPLEMENTATIONS = YES;
				CLANG_WARN_DIRECT_OBJC_ISA_USAGE = YES_ERROR;
				CLANG_WARN_DOCUMENTATION_COMMENTS = YES;
				CLANG_WARN_EMPTY_BODY = YES;
				CLANG_WARN_ENUM_CONVERSION = YES;
				CLANG_WARN_INFINITE_RECURSION = YES;
				CLANG_WARN_INT_CONVERSION = YES;
				CLANG_WARN_NON_LITERAL_NULL_CONVERSION = YES;
				CLANG_WARN_OBJC_IMPLICIT_RETAIN_SELF = YES;
				CLANG_WARN_OBJC_LITERAL_CONVERSION = YES;
				CLANG_WARN_OBJC_ROOT_CLASS = YES_ERROR;
				CLANG_WARN_QUOTED_INCLUDE_IN_FRAMEWORK_HEADER = YES;
				CLANG_WARN_RANGE_LOOP_ANALYSIS = YES;
				CLANG_WARN_STRICT_PROTOTYPES = YES;
				CLANG_WARN_SUSPICIOUS_MOVE = YES;
				CLANG_WARN_UNGUARDED_AVAILABILITY = YES_AGGRESSIVE;
				CLANG_WARN_UNREACHABLE_CODE = YES;
				CLANG_WARN__DUPLICATE_METHOD_MATCH = YES;
				COPY_PHASE_STRIP = NO;
				DEBUG_INFORMATION_FORMAT = dwarf;
				ENABLE_STRICT_OBJC_MSGSEND = YES;
				ENABLE_TESTABILITY = YES;
				GCC_C_LANGUAGE_STANDARD = gnu11;
				GCC_DYNAMIC_NO_PIC = NO;
				GCC_NO_COMMON_BLOCKS = YES;
				GCC_OPTIMIZATION_LEVEL = 0;
				GCC_PREPROCESSOR_DEFINITIONS = (
					"DEBUG=1",
					"$(inherited)",
				);
				GCC_WARN_64_TO_32_BIT_CONVERSION = YES;
				GCC_WARN_ABOUT_RETURN_TYPE = YES_ERROR;
				GCC_WARN_UNDECLARED_SELECTOR = YES;
				GCC_WARN_UNINITIALIZED_AUTOS = YES_AGGRESSIVE;
				GCC_WARN_UNUSED_FUNCTION = YES;
				GCC_WARN_UNUSED_VARIABLE = YES;
				IPHONEOS_DEPLOYMENT_TARGET = 15.0;
				MTL_ENABLE_DEBUG_INFO = INCLUDE_SOURCE;
				MTL_FAST_MATH = YES;
				ONLY_ACTIVE_ARCH = YES;
				SDKROOT = iphoneos;
				SWIFT_ACTIVE_COMPILATION_CONDITIONS = DEBUG;
				SWIFT_OPTIMIZATION_LEVEL = "-Onone";
			};
			name = Debug;
		};
		19AFC75B27688D7E0088673B /* Release */ = {
			isa = XCBuildConfiguration;
			buildSettings = {
				ALWAYS_SEARCH_USER_PATHS = NO;
				CLANG_ANALYZER_NONNULL = YES;
				CLANG_ANALYZER_NUMBER_OBJECT_CONVERSION = YES_AGGRESSIVE;
				CLANG_CXX_LANGUAGE_STANDARD = "gnu++17";
				CLANG_CXX_LIBRARY = "libc++";
				CLANG_ENABLE_MODULES = YES;
				CLANG_ENABLE_OBJC_ARC = YES;
				CLANG_ENABLE_OBJC_WEAK = YES;
				CLANG_WARN_BLOCK_CAPTURE_AUTORELEASING = YES;
				CLANG_WARN_BOOL_CONVERSION = YES;
				CLANG_WARN_COMMA = YES;
				CLANG_WARN_CONSTANT_CONVERSION = YES;
				CLANG_WARN_DEPRECATED_OBJC_IMPLEMENTATIONS = YES;
				CLANG_WARN_DIRECT_OBJC_ISA_USAGE = YES_ERROR;
				CLANG_WARN_DOCUMENTATION_COMMENTS = YES;
				CLANG_WARN_EMPTY_BODY = YES;
				CLANG_WARN_ENUM_CONVERSION = YES;
				CLANG_WARN_INFINITE_RECURSION = YES;
				CLANG_WARN_INT_CONVERSION = YES;
				CLANG_WARN_NON_LITERAL_NULL_CONVERSION = YES;
				CLANG_WARN_OBJC_IMPLICIT_RETAIN_SELF = YES;
				CLANG_WARN_OBJC_LITERAL_CONVERSION = YES;
				CLANG_WARN_OBJC_ROOT_CLASS = YES_ERROR;
				CLANG_WARN_QUOTED_INCLUDE_IN_FRAMEWORK_HEADER = YES;
				CLANG_WARN_RANGE_LOOP_ANALYSIS = YES;
				CLANG_WARN_STRICT_PROTOTYPES = YES;
				CLANG_WARN_SUSPICIOUS_MOVE = YES;
				CLANG_WARN_UNGUARDED_AVAILABILITY = YES_AGGRESSIVE;
				CLANG_WARN_UNREACHABLE_CODE = YES;
				CLANG_WARN__DUPLICATE_METHOD_MATCH = YES;
				COPY_PHASE_STRIP = NO;
				DEBUG_INFORMATION_FORMAT = "dwarf-with-dsym";
				ENABLE_NS_ASSERTIONS = NO;
				ENABLE_STRICT_OBJC_MSGSEND = YES;
				GCC_C_LANGUAGE_STANDARD = gnu11;
				GCC_NO_COMMON_BLOCKS = YES;
				GCC_WARN_64_TO_32_BIT_CONVERSION = YES;
				GCC_WARN_ABOUT_RETURN_TYPE = YES_ERROR;
				GCC_WARN_UNDECLARED_SELECTOR = YES;
				GCC_WARN_UNINITIALIZED_AUTOS = YES_AGGRESSIVE;
				GCC_WARN_UNUSED_FUNCTION = YES;
				GCC_WARN_UNUSED_VARIABLE = YES;
				IPHONEOS_DEPLOYMENT_TARGET = 15.0;
				MTL_ENABLE_DEBUG_INFO = NO;
				MTL_FAST_MATH = YES;
				SDKROOT = iphoneos;
				SWIFT_COMPILATION_MODE = wholemodule;
				SWIFT_OPTIMIZATION_LEVEL = "-O";
				VALIDATE_PRODUCT = YES;
			};
			name = Release;
		};
		19AFC75D27688D7E0088673B /* Debug */ = {
			isa = XCBuildConfiguration;
			buildSettings = {
				ASSETCATALOG_COMPILER_APPICON_NAME = AppIcon;
				ASSETCATALOG_COMPILER_GLOBAL_ACCENT_COLOR_NAME = AccentColor;
				CODE_SIGN_STYLE = Automatic;
				CURRENT_PROJECT_VERSION = 1;
				GENERATE_INFOPLIST_FILE = YES;
				INFOPLIST_FILE = DynamicCellSizeCollectionView/Info.plist;
				INFOPLIST_KEY_UIApplicationSupportsIndirectInputEvents = YES;
				INFOPLIST_KEY_UILaunchStoryboardName = LaunchScreen;
				INFOPLIST_KEY_UIMainStoryboardFile = Main;
				INFOPLIST_KEY_UISupportedInterfaceOrientations_iPad = "UIInterfaceOrientationPortrait UIInterfaceOrientationPortraitUpsideDown UIInterfaceOrientationLandscapeLeft UIInterfaceOrientationLandscapeRight";
				INFOPLIST_KEY_UISupportedInterfaceOrientations_iPhone = "UIInterfaceOrientationPortrait UIInterfaceOrientationLandscapeLeft UIInterfaceOrientationLandscapeRight";
				LD_RUNPATH_SEARCH_PATHS = (
					"$(inherited)",
					"@executable_path/Frameworks",
				);
				MARKETING_VERSION = 1.0;
				PRODUCT_BUNDLE_IDENTIFIER = com.irtazafayaz.DynamicCellSizeCollectionView;
				PRODUCT_NAME = "$(TARGET_NAME)";
				SWIFT_EMIT_LOC_STRINGS = YES;
				SWIFT_VERSION = 5.0;
				TARGETED_DEVICE_FAMILY = "1,2";
			};
			name = Debug;
		};
		19AFC75E27688D7E0088673B /* Release */ = {
			isa = XCBuildConfiguration;
			buildSettings = {
				ASSETCATALOG_COMPILER_APPICON_NAME = AppIcon;
				ASSETCATALOG_COMPILER_GLOBAL_ACCENT_COLOR_NAME = AccentColor;
				CODE_SIGN_STYLE = Automatic;
				CURRENT_PROJECT_VERSION = 1;
				GENERATE_INFOPLIST_FILE = YES;
				INFOPLIST_FILE = DynamicCellSizeCollectionView/Info.plist;
				INFOPLIST_KEY_UIApplicationSupportsIndirectInputEvents = YES;
				INFOPLIST_KEY_UILaunchStoryboardName = LaunchScreen;
				INFOPLIST_KEY_UIMainStoryboardFile = Main;
				INFOPLIST_KEY_UISupportedInterfaceOrientations_iPad = "UIInterfaceOrientationPortrait UIInterfaceOrientationPortraitUpsideDown UIInterfaceOrientationLandscapeLeft UIInterfaceOrientationLandscapeRight";
				INFOPLIST_KEY_UISupportedInterfaceOrientations_iPhone = "UIInterfaceOrientationPortrait UIInterfaceOrientationLandscapeLeft UIInterfaceOrientationLandscapeRight";
				LD_RUNPATH_SEARCH_PATHS = (
					"$(inherited)",
					"@executable_path/Frameworks",
				);
				MARKETING_VERSION = 1.0;
				PRODUCT_BUNDLE_IDENTIFIER = com.irtazafayaz.DynamicCellSizeCollectionView;
				PRODUCT_NAME = "$(TARGET_NAME)";
				SWIFT_EMIT_LOC_STRINGS = YES;
				SWIFT_VERSION = 5.0;
				TARGETED_DEVICE_FAMILY = "1,2";
			};
			name = Release;
		};
/* End XCBuildConfiguration section */

/* Begin XCConfigurationList section */
		19AFC74327688D7A0088673B /* Build configuration list for PBXProject "DynamicCellSizeCollectionView" */ = {
			isa = XCConfigurationList;
			buildConfigurations = (
				19AFC75A27688D7E0088673B /* Debug */,
				19AFC75B27688D7E0088673B /* Release */,
			);
			defaultConfigurationIsVisible = 0;
			defaultConfigurationName = Release;
		};
		19AFC75C27688D7E0088673B /* Build configuration list for PBXNativeTarget "DynamicCellSizeCollectionView" */ = {
			isa = XCConfigurationList;
			buildConfigurations = (
				19AFC75D27688D7E0088673B /* Debug */,
				19AFC75E27688D7E0088673B /* Release */,
			);
			defaultConfigurationIsVisible = 0;
			defaultConfigurationName = Release;
		};
/* End XCConfigurationList section */
	};
	rootObject = 19AFC74027688D7A0088673B /* Project object */;
}
